
Microsoft Visual Studio Solution File, Format Version 12.00
# Visual Studio 15
VisualStudioVersion = 15.0.26730.16
MinimumVisualStudioVersion = 10.0.40219.1
Project("{FAE04EC0-301F-11D3-BF4B-00C04F79EFBC}") = "IT_4", "IT_4\IT_4.csproj", "{9997473A-1A2B-4640-A44A-43626F55D338}"
EndProject
Global
	GlobalSection(SolutionConfigurationPlatforms) = preSolution
		Debug|Any CPU = Debug|Any CPU
		Release|Any CPU = Release|Any CPU
	EndGlobalSection
	GlobalSection(ProjectConfigurationPlatforms) = postSolution
		{9997473A-1A2B-4640-A44A-43626F55D338}.Debug|Any CPU.ActiveCfg = Debug|Any CPU
		{9997473A-1A2B-4640-A44A-43626F55D338}.Debug|Any CPU.Build.0 = Debug|Any CPU
		{9997473A-1A2B-4640-A44A-43626F55D338}.Release|Any CPU.ActiveCfg = Release|Any CPU
		{9997473A-1A2B-4640-A44A-43626F55D338}.Release|Any CPU.Build.0 = Release|Any CPU
	EndGlobalSection
	GlobalSection(SolutionProperties) = preSolution
		HideSolutionNode = FALSE
	EndGlobalSection
	GlobalSection(ExtensibilityGlobals) = postSolution
		SolutionGuid = {5AC79492-8F2A-4C5B-AE09-1AF628133C14}
	EndGlobalSection
EndGlobal
